
Microsoft Visual Studio Solution File, Format Version 12.00
# Visual Studio Version 16
VisualStudioVersion = 16.0.29418.71
MinimumVisualStudioVersion = 10.0.40219.1
Project("{9A19103F-16F7-4668-BE54-9A1E7A4F7556}") = "TransferCraft", "TransferCraft\TransferCraft.csproj", "{43F9227B-6ACC-404F-AEC2-462DAB39D6E8}"
EndProject
Project("{2150E333-8FDC-42A3-9474-1A3956D46DE8}") = "assets", "assets", "{66CDC54A-2AC7-4501-B3A9-80C9CB8F4146}"
	ProjectSection(SolutionItems) = preProject
		assets\app-window.png = assets\app-window.png
	EndProjectSection
EndProject
Global
	GlobalSection(SolutionConfigurationPlatforms) = preSolution
		Debug|Any CPU = Debug|Any CPU
		Debug|x64 = Debug|x64
		Release|Any CPU = Release|Any CPU
		Release|x64 = Release|x64
	EndGlobalSection
	GlobalSection(ProjectConfigurationPlatforms) = postSolution
		{43F9227B-6ACC-404F-AEC2-462DAB39D6E8}.Debug|Any CPU.ActiveCfg = Debug|Any CPU
		{43F9227B-6ACC-404F-AEC2-462DAB39D6E8}.Debug|Any CPU.Build.0 = Debug|Any CPU
		{43F9227B-6ACC-404F-AEC2-462DAB39D6E8}.Debug|x64.ActiveCfg = Debug|x64
		{43F9227B-6ACC-404F-AEC2-462DAB39D6E8}.Debug|x64.Build.0 = Debug|x64
		{43F9227B-6ACC-404F-AEC2-462DAB39D6E8}.Release|Any CPU.ActiveCfg = Release|Any CPU
		{43F9227B-6ACC-404F-AEC2-462DAB39D6E8}.Release|Any CPU.Build.0 = Release|Any CPU
		{43F9227B-6ACC-404F-AEC2-462DAB39D6E8}.Release|x64.ActiveCfg = Release|x64
		{43F9227B-6ACC-404F-AEC2-462DAB39D6E8}.Release|x64.Build.0 = Release|x64
	EndGlobalSection
	GlobalSection(SolutionProperties) = preSolution
		HideSolutionNode = FALSE
	EndGlobalSection
	GlobalSection(ExtensibilityGlobals) = postSolution
		SolutionGuid = {16ED0B9B-B19B-441B-B0B9-0C7D03696385}
	EndGlobalSection
EndGlobal
